<?xml version="1.0" encoding="utf-8"?>
<Project ToolsVersion="4.0" xmlns="http://schemas.microsoft.com/developer/msbuild/2003">
  <ItemGroup>
    <ClInclude Include="PoketMonster.h" />
    <ClInclude Include="BattleLevel.h" />
    <ClInclude Include="IntroBackground.h" />
  </ItemGroup>
  <ItemGroup>
    <ClCompile Include="PoketMonster.cpp" />
    <ClCompile Include="BattleLevel.cpp" />
    <ClCompile Include="IntroBackground.cpp" />
  </ItemGroup>
  <ItemGroup>
    <Filter Include="Intro">
      <UniqueIdentifier>{ac9db29e-f407-4dd6-bf1e-29a5a4d83396}</UniqueIdentifier>
    </Filter>
  </ItemGroup>
</Project>