<?xml version="1.0" encoding="utf-8"?>
<Project ToolsVersion="4.0" xmlns="http://schemas.microsoft.com/developer/msbuild/2003">
  <ItemGroup>
    <ClInclude Include="PoketMonster.h" />
    <ClInclude Include="IntroLevel.h">
      <Filter>Level</Filter>
    </ClInclude>
    <ClInclude Include="BattleLevel.h">
      <Filter>Level</Filter>
    </ClInclude>
    <ClInclude Include="IntroBackground.h">
      <Filter>Actor\IntroActor</Filter>
    </ClInclude>
  </ItemGroup>
  <ItemGroup>
    <ClCompile Include="PoketMonster.cpp" />
    <ClCompile Include="IntroLevel.cpp">
      <Filter>Level</Filter>
    </ClCompile>
    <ClCompile Include="BattleLevel.cpp">
      <Filter>Level</Filter>
    </ClCompile>
    <ClCompile Include="IntroBackground.cpp">
      <Filter>Actor\IntroActor</Filter>
    </ClCompile>
  </ItemGroup>
  <ItemGroup>
    <Filter Include="Level">
      <UniqueIdentifier>{db371467-026f-427f-83d1-dc57f7268226}</UniqueIdentifier>
    </Filter>
    <Filter Include="Actor">
      <UniqueIdentifier>{02782aed-f2af-4bf9-9689-dcb9df207a17}</UniqueIdentifier>
    </Filter>
    <Filter Include="Actor\IntroActor">
      <UniqueIdentifier>{aa6a6de2-7fa1-4d35-800a-4c9cf6d0dd8b}</UniqueIdentifier>
    </Filter>
  </ItemGroup>
</Project>