
Microsoft Visual Studio Solution File, Format Version 12.00
# Visual Studio Version 17
VisualStudioVersion = 17.0.32014.148
MinimumVisualStudioVersion = 10.0.40219.1
Project("{8BC9CEB8-8B4A-11D0-8D11-00A0C91BC942}") = "GameApp", "GameApp\GameApp.vcxproj", "{CB8339A9-E272-4FA4-9E98-8E6A75705194}"
EndProject
Project("{8BC9CEB8-8B4A-11D0-8D11-00A0C91BC942}") = "WindowsProject1", "WindowsProject1\WindowsProject1.vcxproj", "{5D972AC5-AD6F-468E-B577-722422C3DC85}"
EndProject
Project("{2150E333-8FDC-42A3-9474-1A3956D46DE8}") = "Level0", "Level0", "{C9D6235F-A7A5-4CAF-8FEB-925FFF8DB50B}"
EndProject
Project("{8BC9CEB8-8B4A-11D0-8D11-00A0C91BC942}") = "GameEngineBase", "GameEngineBase\GameEngineBase.vcxproj", "{166F44DA-6230-482E-9B7A-279D83DFA53C}"
EndProject
Project("{2150E333-8FDC-42A3-9474-1A3956D46DE8}") = "Level1", "Level1", "{F77D3F59-E153-4850-9C60-E11E78B1848F}"
EndProject
Project("{8BC9CEB8-8B4A-11D0-8D11-00A0C91BC942}") = "GameEngine", "GameEngine\GameEngine.vcxproj", "{6F38CD2A-F29D-4E69-8F75-02FC95309D8D}"
EndProject
Project("{8BC9CEB8-8B4A-11D0-8D11-00A0C91BC942}") = "GameEngineContents", "GameEngineContents\GameEngineContents.vcxproj", "{692FC05A-1300-46AC-8F9A-07A7990AD5D2}"
EndProject
Project("{2150E333-8FDC-42A3-9474-1A3956D46DE8}") = "Level2", "Level2", "{61FB0872-F39B-4CB2-8AF1-C4320F093C65}"
EndProject
Project("{2150E333-8FDC-42A3-9474-1A3956D46DE8}") = "Level3", "Level3", "{11AC8496-79F5-42BD-B818-42D51B65559B}"
EndProject
Project("{2150E333-8FDC-42A3-9474-1A3956D46DE8}") = "Doc", "Doc", "{0386C299-B7D3-4BF7-92BD-21E872AA71AF}"
	ProjectSection(SolutionItems) = preProject
		포폴.txt = 포폴.txt
	EndProjectSection
EndProject
Global
	GlobalSection(SolutionConfigurationPlatforms) = preSolution
		Debug|x64 = Debug|x64
		Debug|x86 = Debug|x86
		Release|x64 = Release|x64
		Release|x86 = Release|x86
	EndGlobalSection
	GlobalSection(ProjectConfigurationPlatforms) = postSolution
		{CB8339A9-E272-4FA4-9E98-8E6A75705194}.Debug|x64.ActiveCfg = Debug|x64
		{CB8339A9-E272-4FA4-9E98-8E6A75705194}.Debug|x64.Build.0 = Debug|x64
		{CB8339A9-E272-4FA4-9E98-8E6A75705194}.Debug|x86.ActiveCfg = Debug|Win32
		{CB8339A9-E272-4FA4-9E98-8E6A75705194}.Debug|x86.Build.0 = Debug|Win32
		{CB8339A9-E272-4FA4-9E98-8E6A75705194}.Release|x64.ActiveCfg = Release|x64
		{CB8339A9-E272-4FA4-9E98-8E6A75705194}.Release|x64.Build.0 = Release|x64
		{CB8339A9-E272-4FA4-9E98-8E6A75705194}.Release|x86.ActiveCfg = Release|Win32
		{CB8339A9-E272-4FA4-9E98-8E6A75705194}.Release|x86.Build.0 = Release|Win32
		{5D972AC5-AD6F-468E-B577-722422C3DC85}.Debug|x64.ActiveCfg = Debug|x64
		{5D972AC5-AD6F-468E-B577-722422C3DC85}.Debug|x64.Build.0 = Debug|x64
		{5D972AC5-AD6F-468E-B577-722422C3DC85}.Debug|x86.ActiveCfg = Debug|Win32
		{5D972AC5-AD6F-468E-B577-722422C3DC85}.Debug|x86.Build.0 = Debug|Win32
		{5D972AC5-AD6F-468E-B577-722422C3DC85}.Release|x64.ActiveCfg = Release|x64
		{5D972AC5-AD6F-468E-B577-722422C3DC85}.Release|x64.Build.0 = Release|x64
		{5D972AC5-AD6F-468E-B577-722422C3DC85}.Release|x86.ActiveCfg = Release|Win32
		{5D972AC5-AD6F-468E-B577-722422C3DC85}.Release|x86.Build.0 = Release|Win32
		{166F44DA-6230-482E-9B7A-279D83DFA53C}.Debug|x64.ActiveCfg = Debug|x64
		{166F44DA-6230-482E-9B7A-279D83DFA53C}.Debug|x64.Build.0 = Debug|x64
		{166F44DA-6230-482E-9B7A-279D83DFA53C}.Debug|x86.ActiveCfg = Debug|Win32
		{166F44DA-6230-482E-9B7A-279D83DFA53C}.Debug|x86.Build.0 = Debug|Win32
		{166F44DA-6230-482E-9B7A-279D83DFA53C}.Release|x64.ActiveCfg = Release|x64
		{166F44DA-6230-482E-9B7A-279D83DFA53C}.Release|x64.Build.0 = Release|x64
		{166F44DA-6230-482E-9B7A-279D83DFA53C}.Release|x86.ActiveCfg = Release|Win32
		{166F44DA-6230-482E-9B7A-279D83DFA53C}.Release|x86.Build.0 = Release|Win32
		{6F38CD2A-F29D-4E69-8F75-02FC95309D8D}.Debug|x64.ActiveCfg = Debug|x64
		{6F38CD2A-F29D-4E69-8F75-02FC95309D8D}.Debug|x64.Build.0 = Debug|x64
		{6F38CD2A-F29D-4E69-8F75-02FC95309D8D}.Debug|x86.ActiveCfg = Debug|Win32
		{6F38CD2A-F29D-4E69-8F75-02FC95309D8D}.Debug|x86.Build.0 = Debug|Win32
		{6F38CD2A-F29D-4E69-8F75-02FC95309D8D}.Release|x64.ActiveCfg = Release|x64
		{6F38CD2A-F29D-4E69-8F75-02FC95309D8D}.Release|x64.Build.0 = Release|x64
		{6F38CD2A-F29D-4E69-8F75-02FC95309D8D}.Release|x86.ActiveCfg = Release|Win32
		{6F38CD2A-F29D-4E69-8F75-02FC95309D8D}.Release|x86.Build.0 = Release|Win32
		{692FC05A-1300-46AC-8F9A-07A7990AD5D2}.Debug|x64.ActiveCfg = Debug|x64
		{692FC05A-1300-46AC-8F9A-07A7990AD5D2}.Debug|x64.Build.0 = Debug|x64
		{692FC05A-1300-46AC-8F9A-07A7990AD5D2}.Debug|x86.ActiveCfg = Debug|Win32
		{692FC05A-1300-46AC-8F9A-07A7990AD5D2}.Debug|x86.Build.0 = Debug|Win32
		{692FC05A-1300-46AC-8F9A-07A7990AD5D2}.Release|x64.ActiveCfg = Release|x64
		{692FC05A-1300-46AC-8F9A-07A7990AD5D2}.Release|x64.Build.0 = Release|x64
		{692FC05A-1300-46AC-8F9A-07A7990AD5D2}.Release|x86.ActiveCfg = Release|Win32
		{692FC05A-1300-46AC-8F9A-07A7990AD5D2}.Release|x86.Build.0 = Release|Win32
	EndGlobalSection
	GlobalSection(SolutionProperties) = preSolution
		HideSolutionNode = FALSE
	EndGlobalSection
	GlobalSection(NestedProjects) = preSolution
		{CB8339A9-E272-4FA4-9E98-8E6A75705194} = {11AC8496-79F5-42BD-B818-42D51B65559B}
		{166F44DA-6230-482E-9B7A-279D83DFA53C} = {C9D6235F-A7A5-4CAF-8FEB-925FFF8DB50B}
		{6F38CD2A-F29D-4E69-8F75-02FC95309D8D} = {F77D3F59-E153-4850-9C60-E11E78B1848F}
		{692FC05A-1300-46AC-8F9A-07A7990AD5D2} = {61FB0872-F39B-4CB2-8AF1-C4320F093C65}
	EndGlobalSection
	GlobalSection(ExtensibilityGlobals) = postSolution
		SolutionGuid = {D8381B5E-28C2-4D77-BAC3-2AF48755CDD8}
	EndGlobalSection
EndGlobal
