<?xml version="1.0" encoding="utf-8"?>
<Project ToolsVersion="4.0" xmlns="http://schemas.microsoft.com/developer/msbuild/2003">
  <ItemGroup>
    <ClInclude Include="GameEngine.h" />
    <ClInclude Include="GameEngineLevel.h">
      <Filter>Object</Filter>
    </ClInclude>
    <ClInclude Include="GameEngineActor.h">
      <Filter>Actor</Filter>
    </ClInclude>
    <ClInclude Include="GameEngineImageManager.h">
      <Filter>Resources\Manager</Filter>
    </ClInclude>
    <ClInclude Include="GameEngineImage.h">
      <Filter>Resources</Filter>
    </ClInclude>
  </ItemGroup>
  <ItemGroup>
    <ClCompile Include="GameEngine.cpp" />
    <ClCompile Include="GameEngineLevel.cpp">
      <Filter>Object</Filter>
    </ClCompile>
    <ClCompile Include="GameEngineActor.cpp">
      <Filter>Actor</Filter>
    </ClCompile>
    <ClCompile Include="GameEngineImageManager.cpp">
      <Filter>Resources\Manager</Filter>
    </ClCompile>
    <ClCompile Include="GameEngineImage.cpp">
      <Filter>Resources</Filter>
    </ClCompile>
  </ItemGroup>
  <ItemGroup>
    <Filter Include="Object">
      <UniqueIdentifier>{fc6ed7ee-2416-4d9d-ae68-c542396ebabb}</UniqueIdentifier>
    </Filter>
    <Filter Include="Actor">
      <UniqueIdentifier>{6ddbe82e-7df7-4b9e-a866-43ff8edc8cf5}</UniqueIdentifier>
    </Filter>
    <Filter Include="Resources">
      <UniqueIdentifier>{bb53fa6f-b729-46f9-9f3f-c8d740f0c87e}</UniqueIdentifier>
    </Filter>
    <Filter Include="Resources\Manager">
      <UniqueIdentifier>{a25ce9c6-ecb4-4183-bd72-aa91e3d8092b}</UniqueIdentifier>
    </Filter>
  </ItemGroup>
</Project>